
Microsoft Visual Studio Solution File, Format Version 12.00
# Visual Studio Version 16
VisualStudioVersion = 16.0.30002.166
MinimumVisualStudioVersion = 10.0.40219.1
Project("{FAE04EC0-301F-11D3-BF4B-00C04F79EFBC}") = "SoundMeter", "SoundMeter\SoundMeter.csproj", "{063B25EA-D28B-4AB6-88DC-A81B2E9A36CA}"
EndProject
Project("{FAE04EC0-301F-11D3-BF4B-00C04F79EFBC}") = "SoundMeter.Android", "SoundMeter.Android\SoundMeter.Android.csproj", "{4A822221-69EC-4D5D-B20E-2491BDDDBC09}"
EndProject
Project("{FAE04EC0-301F-11D3-BF4B-00C04F79EFBC}") = "SoundMeter.iOS", "SoundMeter.iOS\SoundMeter.iOS.csproj", "{12BEAFFB-4671-45A2-B757-9352BCB2B857}"
EndProject
Global
	GlobalSection(SolutionConfigurationPlatforms) = preSolution
		Ad-Hoc|Any CPU = Ad-Hoc|Any CPU
		Ad-Hoc|iPhone = Ad-Hoc|iPhone
		Ad-Hoc|iPhoneSimulator = Ad-Hoc|iPhoneSimulator
		AppStore|Any CPU = AppStore|Any CPU
		AppStore|iPhone = AppStore|iPhone
		AppStore|iPhoneSimulator = AppStore|iPhoneSimulator
		Debug|Any CPU = Debug|Any CPU
		Debug|iPhone = Debug|iPhone
		Debug|iPhoneSimulator = Debug|iPhoneSimulator
		Release|Any CPU = Release|Any CPU
		Release|iPhone = Release|iPhone
		Release|iPhoneSimulator = Release|iPhoneSimulator
	EndGlobalSection
	GlobalSection(ProjectConfigurationPlatforms) = postSolution
		{063B25EA-D28B-4AB6-88DC-A81B2E9A36CA}.Ad-Hoc|Any CPU.ActiveCfg = Debug|Any CPU
		{063B25EA-D28B-4AB6-88DC-A81B2E9A36CA}.Ad-Hoc|Any CPU.Build.0 = Debug|Any CPU
		{063B25EA-D28B-4AB6-88DC-A81B2E9A36CA}.Ad-Hoc|iPhone.ActiveCfg = Debug|Any CPU
		{063B25EA-D28B-4AB6-88DC-A81B2E9A36CA}.Ad-Hoc|iPhone.Build.0 = Debug|Any CPU
		{063B25EA-D28B-4AB6-88DC-A81B2E9A36CA}.Ad-Hoc|iPhoneSimulator.ActiveCfg = Debug|Any CPU
		{063B25EA-D28B-4AB6-88DC-A81B2E9A36CA}.Ad-Hoc|iPhoneSimulator.Build.0 = Debug|Any CPU
		{063B25EA-D28B-4AB6-88DC-A81B2E9A36CA}.AppStore|Any CPU.ActiveCfg = Debug|Any CPU
		{063B25EA-D28B-4AB6-88DC-A81B2E9A36CA}.AppStore|Any CPU.Build.0 = Debug|Any CPU
		{063B25EA-D28B-4AB6-88DC-A81B2E9A36CA}.AppStore|iPhone.ActiveCfg = Debug|Any CPU
		{063B25EA-D28B-4AB6-88DC-A81B2E9A36CA}.AppStore|iPhone.Build.0 = Debug|Any CPU
		{063B25EA-D28B-4AB6-88DC-A81B2E9A36CA}.AppStore|iPhoneSimulator.ActiveCfg = Debug|Any CPU
		{063B25EA-D28B-4AB6-88DC-A81B2E9A36CA}.AppStore|iPhoneSimulator.Build.0 = Debug|Any CPU
		{063B25EA-D28B-4AB6-88DC-A81B2E9A36CA}.Debug|Any CPU.ActiveCfg = Debug|Any CPU
		{063B25EA-D28B-4AB6-88DC-A81B2E9A36CA}.Debug|Any CPU.Build.0 = Debug|Any CPU
		{063B25EA-D28B-4AB6-88DC-A81B2E9A36CA}.Debug|iPhone.ActiveCfg = Debug|Any CPU
		{063B25EA-D28B-4AB6-88DC-A81B2E9A36CA}.Debug|iPhone.Build.0 = Debug|Any CPU
		{063B25EA-D28B-4AB6-88DC-A81B2E9A36CA}.Debug|iPhoneSimulator.ActiveCfg = Debug|Any CPU
		{063B25EA-D28B-4AB6-88DC-A81B2E9A36CA}.Debug|iPhoneSimulator.Build.0 = Debug|Any CPU
		{063B25EA-D28B-4AB6-88DC-A81B2E9A36CA}.Release|Any CPU.ActiveCfg = Release|Any CPU
		{063B25EA-D28B-4AB6-88DC-A81B2E9A36CA}.Release|Any CPU.Build.0 = Release|Any CPU
		{063B25EA-D28B-4AB6-88DC-A81B2E9A36CA}.Release|iPhone.ActiveCfg = Release|Any CPU
		{063B25EA-D28B-4AB6-88DC-A81B2E9A36CA}.Release|iPhone.Build.0 = Release|Any CPU
		{063B25EA-D28B-4AB6-88DC-A81B2E9A36CA}.Release|iPhoneSimulator.ActiveCfg = Release|Any CPU
		{063B25EA-D28B-4AB6-88DC-A81B2E9A36CA}.Release|iPhoneSimulator.Build.0 = Release|Any CPU
		{4A822221-69EC-4D5D-B20E-2491BDDDBC09}.Ad-Hoc|Any CPU.ActiveCfg = Release|Any CPU
		{4A822221-69EC-4D5D-B20E-2491BDDDBC09}.Ad-Hoc|Any CPU.Build.0 = Release|Any CPU
		{4A822221-69EC-4D5D-B20E-2491BDDDBC09}.Ad-Hoc|Any CPU.Deploy.0 = Release|Any CPU
		{4A822221-69EC-4D5D-B20E-2491BDDDBC09}.Ad-Hoc|iPhone.ActiveCfg = Release|Any CPU
		{4A822221-69EC-4D5D-B20E-2491BDDDBC09}.Ad-Hoc|iPhone.Build.0 = Release|Any CPU
		{4A822221-69EC-4D5D-B20E-2491BDDDBC09}.Ad-Hoc|iPhone.Deploy.0 = Release|Any CPU
		{4A822221-69EC-4D5D-B20E-2491BDDDBC09}.Ad-Hoc|iPhoneSimulator.ActiveCfg = Release|Any CPU
		{4A822221-69EC-4D5D-B20E-2491BDDDBC09}.Ad-Hoc|iPhoneSimulator.Build.0 = Release|Any CPU
		{4A822221-69EC-4D5D-B20E-2491BDDDBC09}.Ad-Hoc|iPhoneSimulator.Deploy.0 = Release|Any CPU
		{4A822221-69EC-4D5D-B20E-2491BDDDBC09}.AppStore|Any CPU.ActiveCfg = Release|Any CPU
		{4A822221-69EC-4D5D-B20E-2491BDDDBC09}.AppStore|Any CPU.Build.0 = Release|Any CPU
		{4A822221-69EC-4D5D-B20E-2491BDDDBC09}.AppStore|Any CPU.Deploy.0 = Release|Any CPU
		{4A822221-69EC-4D5D-B20E-2491BDDDBC09}.AppStore|iPhone.ActiveCfg = Release|Any CPU
		{4A822221-69EC-4D5D-B20E-2491BDDDBC09}.AppStore|iPhone.Build.0 = Release|Any CPU
		{4A822221-69EC-4D5D-B20E-2491BDDDBC09}.AppStore|iPhone.Deploy.0 = Release|Any CPU
		{4A822221-69EC-4D5D-B20E-2491BDDDBC09}.AppStore|iPhoneSimulator.ActiveCfg = Release|Any CPU
		{4A822221-69EC-4D5D-B20E-2491BDDDBC09}.AppStore|iPhoneSimulator.Build.0 = Release|Any CPU
		{4A822221-69EC-4D5D-B20E-2491BDDDBC09}.AppStore|iPhoneSimulator.Deploy.0 = Release|Any CPU
		{4A822221-69EC-4D5D-B20E-2491BDDDBC09}.Debug|Any CPU.ActiveCfg = Debug|Any CPU
		{4A822221-69EC-4D5D-B20E-2491BDDDBC09}.Debug|Any CPU.Build.0 = Debug|Any CPU
		{4A822221-69EC-4D5D-B20E-2491BDDDBC09}.Debug|Any CPU.Deploy.0 = Debug|Any CPU
		{4A822221-69EC-4D5D-B20E-2491BDDDBC09}.Debug|iPhone.ActiveCfg = Debug|Any CPU
		{4A822221-69EC-4D5D-B20E-2491BDDDBC09}.Debug|iPhone.Build.0 = Debug|Any CPU
		{4A822221-69EC-4D5D-B20E-2491BDDDBC09}.Debug|iPhone.Deploy.0 = Debug|Any CPU
		{4A822221-69EC-4D5D-B20E-2491BDDDBC09}.Debug|iPhoneSimulator.ActiveCfg = Debug|Any CPU
		{4A822221-69EC-4D5D-B20E-2491BDDDBC09}.Debug|iPhoneSimulator.Build.0 = Debug|Any CPU
		{4A822221-69EC-4D5D-B20E-2491BDDDBC09}.Debug|iPhoneSimulator.Deploy.0 = Debug|Any CPU
		{4A822221-69EC-4D5D-B20E-2491BDDDBC09}.Release|Any CPU.ActiveCfg = Release|Any CPU
		{4A822221-69EC-4D5D-B20E-2491BDDDBC09}.Release|Any CPU.Build.0 = Release|Any CPU
		{4A822221-69EC-4D5D-B20E-2491BDDDBC09}.Release|Any CPU.Deploy.0 = Release|Any CPU
		{4A822221-69EC-4D5D-B20E-2491BDDDBC09}.Release|iPhone.ActiveCfg = Release|Any CPU
		{4A822221-69EC-4D5D-B20E-2491BDDDBC09}.Release|iPhone.Build.0 = Release|Any CPU
		{4A822221-69EC-4D5D-B20E-2491BDDDBC09}.Release|iPhone.Deploy.0 = Release|Any CPU
		{4A822221-69EC-4D5D-B20E-2491BDDDBC09}.Release|iPhoneSimulator.ActiveCfg = Release|Any CPU
		{4A822221-69EC-4D5D-B20E-2491BDDDBC09}.Release|iPhoneSimulator.Build.0 = Release|Any CPU
		{4A822221-69EC-4D5D-B20E-2491BDDDBC09}.Release|iPhoneSimulator.Deploy.0 = Release|Any CPU
		{12BEAFFB-4671-45A2-B757-9352BCB2B857}.Ad-Hoc|Any CPU.ActiveCfg = Ad-Hoc|iPhone
		{12BEAFFB-4671-45A2-B757-9352BCB2B857}.Ad-Hoc|iPhone.ActiveCfg = Ad-Hoc|iPhone
		{12BEAFFB-4671-45A2-B757-9352BCB2B857}.Ad-Hoc|iPhone.Build.0 = Ad-Hoc|iPhone
		{12BEAFFB-4671-45A2-B757-9352BCB2B857}.Ad-Hoc|iPhoneSimulator.ActiveCfg = Ad-Hoc|iPhoneSimulator
		{12BEAFFB-4671-45A2-B757-9352BCB2B857}.Ad-Hoc|iPhoneSimulator.Build.0 = Ad-Hoc|iPhoneSimulator
		{12BEAFFB-4671-45A2-B757-9352BCB2B857}.AppStore|Any CPU.ActiveCfg = AppStore|iPhone
		{12BEAFFB-4671-45A2-B757-9352BCB2B857}.AppStore|iPhone.ActiveCfg = AppStore|iPhone
		{12BEAFFB-4671-45A2-B757-9352BCB2B857}.AppStore|iPhone.Build.0 = AppStore|iPhone
		{12BEAFFB-4671-45A2-B757-9352BCB2B857}.AppStore|iPhoneSimulator.ActiveCfg = AppStore|iPhoneSimulator
		{12BEAFFB-4671-45A2-B757-9352BCB2B857}.AppStore|iPhoneSimulator.Build.0 = AppStore|iPhoneSimulator
		{12BEAFFB-4671-45A2-B757-9352BCB2B857}.Debug|Any CPU.ActiveCfg = Debug|iPhone
		{12BEAFFB-4671-45A2-B757-9352BCB2B857}.Debug|iPhone.ActiveCfg = Debug|iPhone
		{12BEAFFB-4671-45A2-B757-9352BCB2B857}.Debug|iPhone.Build.0 = Debug|iPhone
		{12BEAFFB-4671-45A2-B757-9352BCB2B857}.Debug|iPhoneSimulator.ActiveCfg = Debug|iPhoneSimulator
		{12BEAFFB-4671-45A2-B757-9352BCB2B857}.Debug|iPhoneSimulator.Build.0 = Debug|iPhoneSimulator
		{12BEAFFB-4671-45A2-B757-9352BCB2B857}.Release|Any CPU.ActiveCfg = Release|iPhone
		{12BEAFFB-4671-45A2-B757-9352BCB2B857}.Release|iPhone.ActiveCfg = Release|iPhone
		{12BEAFFB-4671-45A2-B757-9352BCB2B857}.Release|iPhone.Build.0 = Release|iPhone
		{12BEAFFB-4671-45A2-B757-9352BCB2B857}.Release|iPhoneSimulator.ActiveCfg = Release|iPhoneSimulator
		{12BEAFFB-4671-45A2-B757-9352BCB2B857}.Release|iPhoneSimulator.Build.0 = Release|iPhoneSimulator
	EndGlobalSection
	GlobalSection(SolutionProperties) = preSolution
		HideSolutionNode = FALSE
	EndGlobalSection
	GlobalSection(ExtensibilityGlobals) = postSolution
		SolutionGuid = {ABA3E8FB-6666-4FAA-8B41-36B156BABA1B}
	EndGlobalSection
EndGlobal
